
Microsoft Visual Studio Solution File, Format Version 12.00
# Visual Studio Version 16
VisualStudioVersion = 16.0.32929.386
MinimumVisualStudioVersion = 10.0.40219.1
Project("{FAE04EC0-301F-11D3-BF4B-00C04F79EFBC}") = "StrategyExemplo1", "StrategyExemplo1\StrategyExemplo1.csproj", "{AB921E70-F81B-41B8-B057-8A0737EA2DE9}"
EndProject
Global
	GlobalSection(SolutionConfigurationPlatforms) = preSolution
		Debug|Any CPU = Debug|Any CPU
		Release|Any CPU = Release|Any CPU
	EndGlobalSection
	GlobalSection(ProjectConfigurationPlatforms) = postSolution
		{AB921E70-F81B-41B8-B057-8A0737EA2DE9}.Debug|Any CPU.ActiveCfg = Debug|Any CPU
		{AB921E70-F81B-41B8-B057-8A0737EA2DE9}.Debug|Any CPU.Build.0 = Debug|Any CPU
		{AB921E70-F81B-41B8-B057-8A0737EA2DE9}.Release|Any CPU.ActiveCfg = Release|Any CPU
		{AB921E70-F81B-41B8-B057-8A0737EA2DE9}.Release|Any CPU.Build.0 = Release|Any CPU
	EndGlobalSection
	GlobalSection(SolutionProperties) = preSolution
		HideSolutionNode = FALSE
	EndGlobalSection
	GlobalSection(ExtensibilityGlobals) = postSolution
		SolutionGuid = {69CA707C-FB75-4FFA-86C6-A8740E767A02}
	EndGlobalSection
EndGlobal
